{
  "name": "numbro-webpage",
  "version": "1.0.0",
  "lockfileVersion": 1,
  "requires": true,
  "dependencies": {
    "bignumber.js": {
      "version": "8.1.1",
      "resolved": "https://registry.npmjs.org/bignumber.js/-/bignumber.js-8.1.1.tgz",
      "integrity": "sha512-QD46ppGintwPGuL1KqmwhR0O+N2cZUg8JG/VzwI2e28sM9TqHjQB10lI4QAaMHVbLzwVLLAwEglpKPViWX+5NQ=="
    },
    "grunt": {
      "version": "0.4.5",
      "resolved": "https://registry.npmjs.org/grunt/-/grunt-0.4.5.tgz",
      "integrity": "sha1-VpN81RlDJK3/bSB2MYMqnWuk5/A=",
      "requires": {
        "async": "~0.1.22",
        "coffee-script": "~1.3.3",
        "colors": "~0.6.2",
        "dateformat": "1.0.2-1.2.3",
        "eventemitter2": "~0.4.13",
        "exit": "~0.1.1",
        "findup-sync": "~0.1.2",
        "getobject": "~0.1.0",
        "glob": "~3.1.21",
        "grunt-legacy-log": "~0.1.0",
        "grunt-legacy-util": "~0.2.0",
        "hooker": "~0.2.3",
        "iconv-lite": "~0.2.11",
        "js-yaml": "~2.0.5",
        "lodash": "~0.9.2",
        "minimatch": "~0.2.12",
        "nopt": "~1.0.10",
        "rimraf": "~2.2.8",
        "underscore.string": "~2.2.1",
        "which": "~1.0.5"
      },
      "dependencies": {
        "async": {
          "version": "0.1.22",
          "resolved": "https://registry.npmjs.org/async/-/async-0.1.22.tgz",
          "integrity": "sha1-D8GqoIig4+8Ovi2IMbqw3PiEUGE="
        },
        "coffee-script": {
          "version": "1.3.3",
          "resolved": "https://registry.npmjs.org/coffee-script/-/coffee-script-1.3.3.tgz",
          "integrity": "sha1-FQ1rTLUiiUNp7+1qIQHCC8f0pPQ="
        },
        "colors": {
          "version": "0.6.2",
          "resolved": "https://registry.npmjs.org/colors/-/colors-0.6.2.tgz",
          "integrity": "sha1-JCP+ZnisDF2uiFLl0OW+CMmXq8w="
        },
        "dateformat": {
          "version": "1.0.2-1.2.3",
          "resolved": "https://registry.npmjs.org/dateformat/-/dateformat-1.0.2-1.2.3.tgz",
          "integrity": "sha1-sCIMAt6YYXQztyhRz0fePfLNvuk="
        },
        "eventemitter2": {
          "version": "0.4.14",
          "resolved": "https://registry.npmjs.org/eventemitter2/-/eventemitter2-0.4.14.tgz",
          "integrity": "sha1-j2G3XN4BKy6esoTUVFWDtWQ7Yas="
        },
        "exit": {
          "version": "0.1.2",
          "resolved": "https://registry.npmjs.org/exit/-/exit-0.1.2.tgz",
          "integrity": "sha1-BjJjj42HfMghB9MKD/8aF8uhzQw="
        },
        "findup-sync": {
          "version": "0.1.3",
          "resolved": "https://registry.npmjs.org/findup-sync/-/findup-sync-0.1.3.tgz",
          "integrity": "sha1-fz56l7gjksZTvwZYm9hRkOk8NoM=",
          "requires": {
            "glob": "~3.2.9",
            "lodash": "~2.4.1"
          },
          "dependencies": {
            "glob": {
              "version": "3.2.11",
              "resolved": "https://registry.npmjs.org/glob/-/glob-3.2.11.tgz",
              "integrity": "sha1-Spc/Y1uRkPcV0QmH1cAP0oFevj0=",
              "requires": {
                "inherits": "2",
                "minimatch": "0.3"
              },
              "dependencies": {
                "inherits": {
                  "version": "2.0.1",
                  "resolved": "https://registry.npmjs.org/inherits/-/inherits-2.0.1.tgz",
                  "integrity": "sha1-sX0I0ya0Qj5Wjv9xn5GwscvfafE="
                },
                "minimatch": {
                  "version": "0.3.0",
                  "resolved": "https://registry.npmjs.org/minimatch/-/minimatch-0.3.0.tgz",
                  "integrity": "sha1-J12O2qxPG7MyZHIInnlJyDlGmd0=",
                  "requires": {
                    "lru-cache": "2",
                    "sigmund": "~1.0.0"
                  },
                  "dependencies": {
                    "lru-cache": {
                      "version": "2.6.1",
                      "resolved": "https://registry.npmjs.org/lru-cache/-/lru-cache-2.6.1.tgz",
                      "integrity": "sha1-mTPv8VRT+uHScJY2UUPHJOhcbL0="
                    },
                    "sigmund": {
                      "version": "1.0.0",
                      "resolved": "https://registry.npmjs.org/sigmund/-/sigmund-1.0.0.tgz",
                      "integrity": "sha1-ZqKzp0mui1+4nv1PzAHclPvgIpY="
                    }
                  }
                }
              }
            },
            "lodash": {
              "version": "2.4.1",
              "resolved": "https://registry.npmjs.org/lodash/-/lodash-2.4.1.tgz",
              "integrity": "sha1-W3cjA03aTSYuWkb7LFjXzCL3FCA="
            }
          }
        },
        "getobject": {
          "version": "0.1.0",
          "resolved": "https://registry.npmjs.org/getobject/-/getobject-0.1.0.tgz",
          "integrity": "sha1-BHpEl4n6Fg0Bj1SG7ZEyC27HiFw="
        },
        "glob": {
          "version": "3.1.21",
          "resolved": "https://registry.npmjs.org/glob/-/glob-3.1.21.tgz",
          "integrity": "sha1-0p4KBV3qUTj00H7UDomC6DwgZs0=",
          "requires": {
            "graceful-fs": "~1.2.0",
            "inherits": "1",
            "minimatch": "~0.2.11"
          },
          "dependencies": {
            "graceful-fs": {
              "version": "1.2.3",
              "resolved": "https://registry.npmjs.org/graceful-fs/-/graceful-fs-1.2.3.tgz",
              "integrity": "sha1-FaSAaldUfLLS2/J/QuiajDRRs2Q="
            },
            "inherits": {
              "version": "1.0.0",
              "resolved": "https://registry.npmjs.org/inherits/-/inherits-1.0.0.tgz",
              "integrity": "sha1-OOGXUoW/H3upyE2hArsSdxMirEg="
            }
          }
        },
        "grunt-legacy-log": {
          "version": "0.1.1",
          "resolved": "https://registry.npmjs.org/grunt-legacy-log/-/grunt-legacy-log-0.1.1.tgz",
          "integrity": "sha1-1B8aarybCxJWorX/AvTDKY381Xo=",
          "requires": {
            "colors": "~0.6.2",
            "hooker": "~0.2.3",
            "lodash": "~2.4.1",
            "underscore.string": "~2.3.3"
          },
          "dependencies": {
            "lodash": {
              "version": "2.4.1",
              "resolved": "https://registry.npmjs.org/lodash/-/lodash-2.4.1.tgz",
              "integrity": "sha1-W3cjA03aTSYuWkb7LFjXzCL3FCA="
            },
            "underscore.string": {
              "version": "2.3.3",
              "resolved": "https://registry.npmjs.org/underscore.string/-/underscore.string-2.3.3.tgz",
              "integrity": "sha1-ccCL9rQosRM/N+ePo6Icgvcymw0="
            }
          }
        },
        "grunt-legacy-util": {
          "version": "0.2.0",
          "resolved": "https://registry.npmjs.org/grunt-legacy-util/-/grunt-legacy-util-0.2.0.tgz",
          "integrity": "sha1-kzJIhNv343qf98Am3/RR2UqeVUs=",
          "requires": {
            "async": "~0.1.22",
            "exit": "~0.1.1",
            "getobject": "~0.1.0",
            "hooker": "~0.2.3",
            "lodash": "~0.9.2",
            "underscore.string": "~2.2.1",
            "which": "~1.0.5"
          }
        },
        "hooker": {
          "version": "0.2.3",
          "resolved": "https://registry.npmjs.org/hooker/-/hooker-0.2.3.tgz",
          "integrity": "sha1-uDT3I8xKJCqmWWNFnfbZhMXT2Vk="
        },
        "iconv-lite": {
          "version": "0.2.11",
          "resolved": "https://registry.npmjs.org/iconv-lite/-/iconv-lite-0.2.11.tgz",
          "integrity": "sha1-HOYKOleGSiktEyH/RgnKS7llrcg="
        },
        "js-yaml": {
          "version": "2.0.5",
          "resolved": "https://registry.npmjs.org/js-yaml/-/js-yaml-2.0.5.tgz",
          "integrity": "sha1-olrmUJmZ6X3yeMZxnaEb0Gh3Q6g=",
          "requires": {
            "argparse": "~ 0.1.11",
            "esprima": "~ 1.0.2"
          },
          "dependencies": {
            "argparse": {
              "version": "0.1.16",
              "resolved": "https://registry.npmjs.org/argparse/-/argparse-0.1.16.tgz",
              "integrity": "sha1-z9AeD7uj1srtBJ+9dY1A9lGW9Xw=",
              "requires": {
                "underscore": "~1.7.0",
                "underscore.string": "~2.4.0"
              },
              "dependencies": {
                "underscore": {
                  "version": "1.7.0",
                  "resolved": "https://registry.npmjs.org/underscore/-/underscore-1.7.0.tgz",
                  "integrity": "sha1-a7rwh3UA02vjTsqlhODbn+8DUgk="
                },
                "underscore.string": {
                  "version": "2.4.0",
                  "resolved": "https://registry.npmjs.org/underscore.string/-/underscore.string-2.4.0.tgz",
                  "integrity": "sha1-jN2PusTi0uoefi6Al8QvRCKA+Fs="
                }
              }
            },
            "esprima": {
              "version": "1.0.4",
              "resolved": "https://registry.npmjs.org/esprima/-/esprima-1.0.4.tgz",
              "integrity": "sha1-n1V+CPw7TSbs6d00+Pv0drYlha0="
            }
          }
        },
        "lodash": {
          "version": "0.9.2",
          "resolved": "https://registry.npmjs.org/lodash/-/lodash-0.9.2.tgz",
          "integrity": "sha1-jzSZxSRdNG1oLlsNO0B2fgnxqSw="
        },
        "minimatch": {
          "version": "0.2.14",
          "resolved": "https://registry.npmjs.org/minimatch/-/minimatch-0.2.14.tgz",
          "integrity": "sha1-x054BXT2PG+aCQ6Q775u9TpqdWo=",
          "requires": {
            "lru-cache": "2",
            "sigmund": "~1.0.0"
          },
          "dependencies": {
            "lru-cache": {
              "version": "2.6.1",
              "resolved": "https://registry.npmjs.org/lru-cache/-/lru-cache-2.6.1.tgz",
              "integrity": "sha1-mTPv8VRT+uHScJY2UUPHJOhcbL0="
            },
            "sigmund": {
              "version": "1.0.0",
              "resolved": "https://registry.npmjs.org/sigmund/-/sigmund-1.0.0.tgz",
              "integrity": "sha1-ZqKzp0mui1+4nv1PzAHclPvgIpY="
            }
          }
        },
        "nopt": {
          "version": "1.0.10",
          "resolved": "https://registry.npmjs.org/nopt/-/nopt-1.0.10.tgz",
          "integrity": "sha1-bd0hvSoxQXuScn3Vhfim83YI6+4=",
          "requires": {
            "abbrev": "1"
          },
          "dependencies": {
            "abbrev": {
              "version": "1.0.5",
              "resolved": "https://registry.npmjs.org/abbrev/-/abbrev-1.0.5.tgz",
              "integrity": "sha1-XYJXvZ6+Q15piy+kMa/eT+exCwM="
            }
          }
        },
        "rimraf": {
          "version": "2.2.8",
          "resolved": "https://registry.npmjs.org/rimraf/-/rimraf-2.2.8.tgz",
          "integrity": "sha1-5Dm+Kq7jJzIZUnMPmaiSnk/FBYI="
        },
        "underscore.string": {
          "version": "2.2.1",
          "resolved": "https://registry.npmjs.org/underscore.string/-/underscore.string-2.2.1.tgz",
          "integrity": "sha1-18D6KvXVoaZ/QlPa7pgTLnM/Dxk="
        },
        "which": {
          "version": "1.0.9",
          "resolved": "https://registry.npmjs.org/which/-/which-1.0.9.tgz",
          "integrity": "sha1-RgwdoPgQED0DIam2M6+eV15kSG8="
        }
      }
    },
    "grunt-contrib-less": {
      "version": "1.0.1",
      "resolved": "https://registry.npmjs.org/grunt-contrib-less/-/grunt-contrib-less-1.0.1.tgz",
      "integrity": "sha1-h/MqXkdJh6QFycmJDTNoakUCHVE=",
      "requires": {
        "async": "^0.9.0",
        "chalk": "^0.5.1",
        "less": "~2.4.0",
        "lodash": "^2.4.1"
      },
      "dependencies": {
        "async": {
          "version": "0.9.0",
          "resolved": "https://registry.npmjs.org/async/-/async-0.9.0.tgz",
          "integrity": "sha1-rDYTsdqb7RtHUQu0ZRuJMeRxRsc="
        },
        "aws-sign2": {
          "version": "0.5.0",
          "resolved": "https://registry.npmjs.org/aws-sign2/-/aws-sign2-0.5.0.tgz",
          "integrity": "sha1-xXED96F/wDfwLXwuZLYC6iI/fWM=",
          "optional": true
        },
        "chalk": {
          "version": "0.5.1",
          "resolved": "https://registry.npmjs.org/chalk/-/chalk-0.5.1.tgz",
          "integrity": "sha1-Zjs6ZItotV0EaQ1JFnqoN4WPIXQ=",
          "requires": {
            "ansi-styles": "^1.1.0",
            "escape-string-regexp": "^1.0.0",
            "has-ansi": "^0.1.0",
            "strip-ansi": "^0.3.0",
            "supports-color": "^0.2.0"
          },
          "dependencies": {
            "ansi-styles": {
              "version": "1.1.0",
              "resolved": "https://registry.npmjs.org/ansi-styles/-/ansi-styles-1.1.0.tgz",
              "integrity": "sha1-6uy/Zs1waIJ2Cy9GkVgrj1XXp94="
            },
            "escape-string-regexp": {
              "version": "1.0.3",
              "resolved": "https://registry.npmjs.org/escape-string-regexp/-/escape-string-regexp-1.0.3.tgz",
              "integrity": "sha1-ni2LJbwlVcMzZyN1DgPwmcJzW7U="
            },
            "has-ansi": {
              "version": "0.1.0",
              "resolved": "https://registry.npmjs.org/has-ansi/-/has-ansi-0.1.0.tgz",
              "integrity": "sha1-hPJlqujA5qiKEtcCKJS3VoiUxi4=",
              "requires": {
                "ansi-regex": "^0.2.0"
              },
              "dependencies": {
                "ansi-regex": {
                  "version": "0.2.1",
                  "resolved": "https://registry.npmjs.org/ansi-regex/-/ansi-regex-0.2.1.tgz",
                  "integrity": "sha1-DY6UaWej2BQ/k+JOKYUl/BsiNfk="
                }
              }
            },
            "strip-ansi": {
              "version": "0.3.0",
              "resolved": "https://registry.npmjs.org/strip-ansi/-/strip-ansi-0.3.0.tgz",
              "integrity": "sha1-JfSOoiynkYfzF0pNuHWTR7sSYiA=",
              "requires": {
                "ansi-regex": "^0.2.1"
              },
              "dependencies": {
                "ansi-regex": {
                  "version": "0.2.1",
                  "resolved": "https://registry.npmjs.org/ansi-regex/-/ansi-regex-0.2.1.tgz",
                  "integrity": "sha1-DY6UaWej2BQ/k+JOKYUl/BsiNfk="
                }
              }
            },
            "supports-color": {
              "version": "0.2.0",
              "resolved": "https://registry.npmjs.org/supports-color/-/supports-color-0.2.0.tgz",
              "integrity": "sha1-2S3iaU6z9nMjlz1649i1W0wiGQo="
            }
          }
        },
        "less": {
          "version": "2.4.0",
          "resolved": "https://registry.npmjs.org/less/-/less-2.4.0.tgz",
          "integrity": "sha1-zlGzjxwFoM3UeYL6xA3Qo5zsIDE=",
          "requires": {
            "errno": "^0.1.1",
            "graceful-fs": "^3.0.5",
            "image-size": "~0.3.5",
            "mime": "^1.2.11",
            "mkdirp": "^0.5.0",
            "promise": "^6.0.1",
            "request": "^2.51.0",
            "source-map": "^0.2.0"
          },
          "dependencies": {
            "errno": {
              "version": "0.1.2",
              "resolved": "https://registry.npmjs.org/errno/-/errno-0.1.2.tgz",
              "integrity": "sha1-7JTaw3lKks7J4fCFArFlkzqAWAg=",
              "optional": true,
              "requires": {
                "prr": "~0.0.0"
              },
              "dependencies": {
                "prr": {
                  "version": "0.0.0",
                  "resolved": "https://registry.npmjs.org/prr/-/prr-0.0.0.tgz",
                  "integrity": "sha1-GoS4WQgyVQFBGFPQCB7j+obikmo=",
                  "optional": true
                }
              }
            },
            "graceful-fs": {
              "version": "3.0.6",
              "resolved": "https://registry.npmjs.org/graceful-fs/-/graceful-fs-3.0.6.tgz",
              "integrity": "sha1-3OOhg1HLlM3ILmiLLj3ShC0bCbs=",
              "optional": true
            },
            "image-size": {
              "version": "0.3.5",
              "resolved": "https://registry.npmjs.org/image-size/-/image-size-0.3.5.tgz",
              "integrity": "sha1-gyQOqy+1sAsEqrjHSwRx6cunrYw=",
              "optional": true
            },
            "mime": {
              "version": "1.3.4",
              "resolved": "https://registry.npmjs.org/mime/-/mime-1.3.4.tgz",
              "integrity": "sha1-EV+eO2s9rylZmDyzjxSaLUDrXVM=",
              "optional": true
            },
            "mkdirp": {
              "version": "0.5.0",
              "resolved": "https://registry.npmjs.org/mkdirp/-/mkdirp-0.5.0.tgz",
              "integrity": "sha1-HXMHam35hs2TROFecfzAWkyavxI=",
              "optional": true,
              "requires": {
                "minimist": "0.0.8"
              },
              "dependencies": {
                "minimist": {
                  "version": "0.0.8",
                  "resolved": "https://registry.npmjs.org/minimist/-/minimist-0.0.8.tgz",
                  "integrity": "sha1-hX/Kv8M5fSYluCKCYuhqp6ARsF0=",
                  "optional": true
                }
              }
            },
            "promise": {
              "version": "6.1.0",
              "resolved": "https://registry.npmjs.org/promise/-/promise-6.1.0.tgz",
              "integrity": "sha1-LOcp9rlLRcJoka0GAsXJDgTG7vY=",
              "optional": true,
              "requires": {
                "asap": "~1.0.0"
              },
              "dependencies": {
                "asap": {
                  "version": "1.0.0",
                  "resolved": "https://registry.npmjs.org/asap/-/asap-1.0.0.tgz",
                  "integrity": "sha1-sqRdpf36ILBJb8N2jMJ8EvqRan0=",
                  "optional": true
                }
              }
            },
            "request": {
              "version": "2.55.0",
              "resolved": "https://registry.npmjs.org/request/-/request-2.55.0.tgz",
              "integrity": "sha1-11wc32eddrsQD5v/4f5VG1wk6T0=",
              "optional": true,
              "requires": {
                "aws-sign2": "~0.5.0",
                "bl": "~0.9.0",
                "caseless": "~0.9.0",
                "combined-stream": "~0.0.5",
                "forever-agent": "~0.6.0",
                "form-data": "~0.2.0",
                "har-validator": "^1.4.0",
                "hawk": "~2.3.0",
                "http-signature": "~0.10.0",
                "isstream": "~0.1.1",
                "json-stringify-safe": "~5.0.0",
                "mime-types": "~2.0.1",
                "node-uuid": "~1.4.0",
                "oauth-sign": "~0.6.0",
                "qs": "~2.4.0",
                "stringstream": "~0.0.4",
                "tough-cookie": ">=0.12.0",
                "tunnel-agent": "~0.4.0"
              },
              "dependencies": {
                "bl": {
                  "version": "0.9.4",
                  "resolved": "https://registry.npmjs.org/bl/-/bl-0.9.4.tgz",
                  "integrity": "sha1-RwLd9y++Ds2CeHwAwROuoZNa0Oc=",
                  "optional": true,
                  "requires": {
                    "readable-stream": "~1.0.26"
                  },
                  "dependencies": {
                    "readable-stream": {
                      "version": "1.0.33",
                      "resolved": "https://registry.npmjs.org/readable-stream/-/readable-stream-1.0.33.tgz",
                      "integrity": "sha1-OjYN1mwbHX/UcFOJhg7aHQ9hEmw=",
                      "optional": true,
                      "requires": {
                        "core-util-is": "~1.0.0",
                        "inherits": "~2.0.1",
                        "isarray": "0.0.1",
                        "string_decoder": "~0.10.x"
                      },
                      "dependencies": {
                        "core-util-is": {
                          "version": "1.0.1",
                          "resolved": "https://registry.npmjs.org/core-util-is/-/core-util-is-1.0.1.tgz",
                          "integrity": "sha1-awcIWu+aPMrG7lO/nT3wwVIaVTg=",
                          "optional": true
                        },
                        "inherits": {
                          "version": "2.0.1",
                          "resolved": "https://registry.npmjs.org/inherits/-/inherits-2.0.1.tgz",
                          "integrity": "sha1-sX0I0ya0Qj5Wjv9xn5GwscvfafE=",
                          "optional": true
                        },
                        "isarray": {
                          "version": "0.0.1",
                          "resolved": "https://registry.npmjs.org/isarray/-/isarray-0.0.1.tgz",
                          "integrity": "sha1-ihis/Kmo9Bd+Cav8YDiTmwXR7t8=",
                          "optional": true
                        },
                        "string_decoder": {
                          "version": "0.10.31",
                          "resolved": "https://registry.npmjs.org/string_decoder/-/string_decoder-0.10.31.tgz",
                          "integrity": "sha1-YuIDvEF2bGwoyfyEMB2rHFMQ+pQ=",
                          "optional": true
                        }
                      }
                    }
                  }
                },
                "caseless": {
                  "version": "0.9.0",
                  "resolved": "https://registry.npmjs.org/caseless/-/caseless-0.9.0.tgz",
                  "integrity": "sha1-t7Zc5r8UE4hlOc/VM/CzDv+pz4g=",
                  "optional": true
                },
                "combined-stream": {
                  "version": "0.0.7",
                  "resolved": "https://registry.npmjs.org/combined-stream/-/combined-stream-0.0.7.tgz",
                  "integrity": "sha1-ATfmV7qlp1QcV6w3rF/AfXO03B8=",
                  "optional": true,
                  "requires": {
                    "delayed-stream": "0.0.5"
                  },
                  "dependencies": {
                    "delayed-stream": {
                      "version": "0.0.5",
                      "resolved": "https://registry.npmjs.org/delayed-stream/-/delayed-stream-0.0.5.tgz",
                      "integrity": "sha1-1LH0OpPoKW3+AmlPRoC8N6MTxz8=",
                      "optional": true
                    }
                  }
                },
                "forever-agent": {
                  "version": "0.6.1",
                  "resolved": "https://registry.npmjs.org/forever-agent/-/forever-agent-0.6.1.tgz",
                  "integrity": "sha1-+8cfDEGt6zf5bFd60e1C2P2sypE=",
                  "optional": true
                },
                "form-data": {
                  "version": "0.2.0",
                  "resolved": "https://registry.npmjs.org/form-data/-/form-data-0.2.0.tgz",
                  "integrity": "sha1-Jvi8JtpkQOKZy9z7aQNcT3em5GY=",
                  "optional": true,
                  "requires": {
                    "async": "~0.9.0",
                    "combined-stream": "~0.0.4",
                    "mime-types": "~2.0.3"
                  }
                },
                "har-validator": {
                  "version": "1.6.1",
                  "resolved": "https://registry.npmjs.org/har-validator/-/har-validator-1.6.1.tgz",
                  "integrity": "sha1-uu9FLN5kXv99JlYujnSdf9AAt/0=",
                  "optional": true,
                  "requires": {
                    "bluebird": "^2.9.21",
                    "chalk": "^1.0.0",
                    "commander": "^2.7.1",
                    "is-my-json-valid": "^2.10.0"
                  },
                  "dependencies": {
                    "bluebird": {
                      "version": "2.9.24",
                      "resolved": "https://registry.npmjs.org/bluebird/-/bluebird-2.9.24.tgz",
                      "integrity": "sha1-FKLnXwVIMj3DWqRA2SAHyhVOlnw=",
                      "optional": true
                    },
                    "chalk": {
                      "version": "1.0.0",
                      "resolved": "https://registry.npmjs.org/chalk/-/chalk-1.0.0.tgz",
                      "integrity": "sha1-s89O0P9Tl8mcdbj2edsvUoMfltw=",
                      "optional": true,
                      "requires": {
                        "ansi-styles": "^2.0.1",
                        "escape-string-regexp": "^1.0.2",
                        "has-ansi": "^1.0.3",
                        "strip-ansi": "^2.0.1",
                        "supports-color": "^1.3.0"
                      },
                      "dependencies": {
                        "ansi-styles": {
                          "version": "2.0.1",
                          "resolved": "https://registry.npmjs.org/ansi-styles/-/ansi-styles-2.0.1.tgz",
                          "integrity": "sha1-sDP1f5Pi0oreuLwRE4+hPaD9IKM=",
                          "optional": true
                        },
                        "escape-string-regexp": {
                          "version": "1.0.3",
                          "resolved": "https://registry.npmjs.org/escape-string-regexp/-/escape-string-regexp-1.0.3.tgz",
                          "integrity": "sha1-ni2LJbwlVcMzZyN1DgPwmcJzW7U=",
                          "optional": true
                        },
                        "has-ansi": {
                          "version": "1.0.3",
                          "resolved": "https://registry.npmjs.org/has-ansi/-/has-ansi-1.0.3.tgz",
                          "integrity": "sha1-wLWxYV2eOCsP9nFp2We0JeSMpTg=",
                          "optional": true,
                          "requires": {
                            "ansi-regex": "^1.1.0",
                            "get-stdin": "^4.0.1"
                          },
                          "dependencies": {
                            "ansi-regex": {
                              "version": "1.1.1",
                              "resolved": "https://registry.npmjs.org/ansi-regex/-/ansi-regex-1.1.1.tgz",
                              "integrity": "sha1-QchHGUZGN15qGl0Qw8oFTvn8mA0=",
                              "optional": true
                            },
                            "get-stdin": {
                              "version": "4.0.1",
                              "resolved": "https://registry.npmjs.org/get-stdin/-/get-stdin-4.0.1.tgz",
                              "integrity": "sha1-uWjGsKBDhDJJAui/Gl3zJXmkUP4=",
                              "optional": true
                            }
                          }
                        },
                        "strip-ansi": {
                          "version": "2.0.1",
                          "resolved": "https://registry.npmjs.org/strip-ansi/-/strip-ansi-2.0.1.tgz",
                          "integrity": "sha1-32LBqpTtLxFOHQ8h/R1QSCt5pg4=",
                          "optional": true,
                          "requires": {
                            "ansi-regex": "^1.0.0"
                          },
                          "dependencies": {
                            "ansi-regex": {
                              "version": "1.1.1",
                              "resolved": "https://registry.npmjs.org/ansi-regex/-/ansi-regex-1.1.1.tgz",
                              "integrity": "sha1-QchHGUZGN15qGl0Qw8oFTvn8mA0=",
                              "optional": true
                            }
                          }
                        },
                        "supports-color": {
                          "version": "1.3.1",
                          "resolved": "https://registry.npmjs.org/supports-color/-/supports-color-1.3.1.tgz",
                          "integrity": "sha1-FXWN8J2P87SswwdTn6vicJXhBC0=",
                          "optional": true
                        }
                      }
                    },
                    "commander": {
                      "version": "2.8.0",
                      "resolved": "https://registry.npmjs.org/commander/-/commander-2.8.0.tgz",
                      "integrity": "sha1-EXxCZZpyM44zZId98ghSNECV3BE=",
                      "optional": true,
                      "requires": {
                        "graceful-readlink": ">= 1.0.0"
                      },
                      "dependencies": {
                        "graceful-readlink": {
                          "version": "1.0.1",
                          "resolved": "https://registry.npmjs.org/graceful-readlink/-/graceful-readlink-1.0.1.tgz",
                          "integrity": "sha1-TK+tdrxi8C+gObL5Tpo906ORpyU=",
                          "optional": true
                        }
                      }
                    },
                    "is-my-json-valid": {
                      "version": "2.10.1",
                      "resolved": "https://registry.npmjs.org/is-my-json-valid/-/is-my-json-valid-2.10.1.tgz",
                      "integrity": "sha1-vyDKfnERYwL4ZgrIEmWfceIuotA=",
                      "optional": true,
                      "requires": {
                        "generate-function": "^2.0.0",
                        "generate-object-property": "^1.1.0",
                        "jsonpointer": "^1.1.0",
                        "xtend": "^4.0.0"
                      },
                      "dependencies": {
                        "generate-function": {
                          "version": "2.0.0",
                          "resolved": "https://registry.npmjs.org/generate-function/-/generate-function-2.0.0.tgz",
                          "integrity": "sha1-aFj+fAlpt9TpCTM3ZHrHn2DfvnQ=",
                          "optional": true
                        },
                        "generate-object-property": {
                          "version": "1.1.1",
                          "resolved": "https://registry.npmjs.org/generate-object-property/-/generate-object-property-1.1.1.tgz",
                          "integrity": "sha1-j9prTLabNKGJps6+58TCaK9HzJM=",
                          "optional": true,
                          "requires": {
                            "is-property": "^1.0.0"
                          },
                          "dependencies": {
                            "is-property": {
                              "version": "1.0.2",
                              "resolved": "https://registry.npmjs.org/is-property/-/is-property-1.0.2.tgz",
                              "integrity": "sha1-V/4cTkhHTt1lsJkR8msc1Ald2oQ=",
                              "optional": true
                            }
                          }
                        },
                        "jsonpointer": {
                          "version": "1.1.0",
                          "resolved": "https://registry.npmjs.org/jsonpointer/-/jsonpointer-1.1.0.tgz",
                          "integrity": "sha1-w8cu+u07lxVBY9wB3TSeHP4PgPw=",
                          "optional": true
                        },
                        "xtend": {
                          "version": "4.0.0",
                          "resolved": "https://registry.npmjs.org/xtend/-/xtend-4.0.0.tgz",
                          "integrity": "sha1-i8Nv+Hrtvnzp6vC8o2sjVKdDhA8=",
                          "optional": true
                        }
                      }
                    }
                  }
                },
                "hawk": {
                  "version": "2.3.1",
                  "resolved": "https://registry.npmjs.org/hawk/-/hawk-2.3.1.tgz",
                  "integrity": "sha1-HnMc45RH+h0PbXB/e87r7A/R7B8=",
                  "optional": true,
                  "requires": {
                    "boom": "2.x.x",
                    "cryptiles": "2.x.x",
                    "hoek": "2.x.x",
                    "sntp": "1.x.x"
                  },
                  "dependencies": {
                    "boom": {
                      "version": "2.7.1",
                      "resolved": "https://registry.npmjs.org/boom/-/boom-2.7.1.tgz",
                      "integrity": "sha1-+xZcNI0zeXfGHUNjwh6eGr9SZwU=",
                      "optional": true,
                      "requires": {
                        "hoek": "2.x.x"
                      }
                    },
                    "cryptiles": {
                      "version": "2.0.4",
                      "resolved": "https://registry.npmjs.org/cryptiles/-/cryptiles-2.0.4.tgz",
                      "integrity": "sha1-CeoXdbnhx95+YKmdQqtvCM4aEoU=",
                      "optional": true,
                      "requires": {
                        "boom": "2.x.x"
                      }
                    },
                    "hoek": {
                      "version": "2.12.0",
                      "resolved": "https://registry.npmjs.org/hoek/-/hoek-2.12.0.tgz",
                      "integrity": "sha1-XRGW4L8gxc7JV+iScQEWTv/a8ck=",
                      "optional": true
                    },
                    "sntp": {
                      "version": "1.0.9",
                      "resolved": "https://registry.npmjs.org/sntp/-/sntp-1.0.9.tgz",
                      "integrity": "sha1-ZUEYTMkK7qbG57NeJlkIJEPGYZg=",
                      "optional": true,
                      "requires": {
                        "hoek": "2.x.x"
                      }
                    }
                  }
                },
                "http-signature": {
                  "version": "0.10.1",
                  "resolved": "https://registry.npmjs.org/http-signature/-/http-signature-0.10.1.tgz",
                  "integrity": "sha1-T72sEyVZqoMjEh5UB3nAoBKyfmY=",
                  "optional": true,
                  "requires": {
                    "asn1": "0.1.11",
                    "assert-plus": "^0.1.5",
                    "ctype": "0.5.3"
                  },
                  "dependencies": {
                    "asn1": {
                      "version": "0.1.11",
                      "resolved": "https://registry.npmjs.org/asn1/-/asn1-0.1.11.tgz",
                      "integrity": "sha1-VZvhg3bQik7E2+gId9J4GGObLfc=",
                      "optional": true
                    },
                    "assert-plus": {
                      "version": "0.1.5",
                      "resolved": "https://registry.npmjs.org/assert-plus/-/assert-plus-0.1.5.tgz",
                      "integrity": "sha1-7nQAlBMALYTOxyGcasgRgS5yMWA=",
                      "optional": true
                    },
                    "ctype": {
                      "version": "0.5.3",
                      "resolved": "https://registry.npmjs.org/ctype/-/ctype-0.5.3.tgz",
                      "integrity": "sha1-gsGMJGH3QRTvFsE1IkrQuRRMoS8=",
                      "optional": true
                    }
                  }
                },
                "isstream": {
                  "version": "0.1.2",
                  "resolved": "https://registry.npmjs.org/isstream/-/isstream-0.1.2.tgz",
                  "integrity": "sha1-R+Y/evVa+m+S4VAOaQ64uFKcCZo=",
                  "optional": true
                },
                "mime-types": {
                  "version": "2.0.10",
                  "resolved": "https://registry.npmjs.org/mime-types/-/mime-types-2.0.10.tgz",
                  "integrity": "sha1-6s2Bu3PKsqd0R1SaB41PIBjGe00=",
                  "optional": true,
                  "requires": {
                    "mime-db": "~1.8.0"
                  },
                  "dependencies": {
                    "mime-db": {
                      "version": "1.8.0",
                      "resolved": "https://registry.npmjs.org/mime-db/-/mime-db-1.8.0.tgz",
                      "integrity": "sha1-gqmzhfIrD1lU3sTURfq6ByLErSU=",
                      "optional": true
                    }
                  }
                },
                "node-uuid": {
                  "version": "1.4.3",
                  "resolved": "https://registry.npmjs.org/node-uuid/-/node-uuid-1.4.3.tgz",
                  "integrity": "sha1-MZu3pW58tj8AtcDNeFHNS03fHfk=",
                  "optional": true
                },
                "oauth-sign": {
                  "version": "0.6.0",
                  "resolved": "https://registry.npmjs.org/oauth-sign/-/oauth-sign-0.6.0.tgz",
                  "integrity": "sha1-fb6uRPbKRU4fFoRR1jB0ZzWBPOM=",
                  "optional": true
                },
                "qs": {
                  "version": "2.4.1",
                  "resolved": "https://registry.npmjs.org/qs/-/qs-2.4.1.tgz",
                  "integrity": "sha1-aMuuqXEBNCaoDBQE+taxprEXUkU=",
                  "optional": true
                },
                "stringstream": {
                  "version": "0.0.4",
                  "resolved": "https://registry.npmjs.org/stringstream/-/stringstream-0.0.4.tgz",
                  "integrity": "sha1-Dw40I/lClgtWkqwySlfdCTvEGpI=",
                  "optional": true
                },
                "tough-cookie": {
                  "version": "0.12.1",
                  "resolved": "https://registry.npmjs.org/tough-cookie/-/tough-cookie-0.12.1.tgz",
                  "integrity": "sha1-giDH4hq9WxPZaAQlS9WoHr8sfWI=",
                  "optional": true,
                  "requires": {
                    "punycode": ">=0.2.0"
                  },
                  "dependencies": {
                    "punycode": {
                      "version": "1.3.2",
                      "resolved": "https://registry.npmjs.org/punycode/-/punycode-1.3.2.tgz",
                      "integrity": "sha1-llOgNvt8HuQjQvIyXM7v6jkmxI0=",
                      "optional": true
                    }
                  }
                },
                "tunnel-agent": {
                  "version": "0.4.0",
                  "resolved": "https://registry.npmjs.org/tunnel-agent/-/tunnel-agent-0.4.0.tgz",
                  "integrity": "sha1-sRhOMS/7z3CztMeOjCGd5+uxxVA=",
                  "optional": true
                }
              }
            },
            "source-map": {
              "version": "0.2.0",
              "resolved": "https://registry.npmjs.org/source-map/-/source-map-0.2.0.tgz",
              "integrity": "sha1-2rc/vPwrqBm03gO9b26qSBZLP50=",
              "optional": true,
              "requires": {
                "amdefine": ">=0.0.4"
              },
              "dependencies": {
                "amdefine": {
                  "version": "0.1.0",
                  "resolved": "https://registry.npmjs.org/amdefine/-/amdefine-0.1.0.tgz",
                  "integrity": "sha1-PKlzXPHd4O33pL9mQXCcgCT5sic=",
                  "optional": true
                }
              }
            }
          }
        },
        "lodash": {
          "version": "2.4.1",
          "resolved": "https://registry.npmjs.org/lodash/-/lodash-2.4.1.tgz",
          "integrity": "sha1-W3cjA03aTSYuWkb7LFjXzCL3FCA="
        }
      }
    },
    "json-stringify-safe": {
      "version": "5.0.1",
      "resolved": "https://registry.npmjs.org/json-stringify-safe/-/json-stringify-safe-5.0.1.tgz",
      "integrity": "sha1-Epai1Y/UXxmg9s4B1lcB4sc1tus=",
      "optional": true
    },
    "numbro": {
      "version": "2.3.6",
      "resolved": "https://registry.npmjs.org/numbro/-/numbro-2.3.6.tgz",
      "integrity": "sha512-pxpoTT3hVxQGaOA2RTzXR/muonQNd1K1HPJbWo7QOmxPwiPmoFCFfsG9XXgW3uqjyzezJ0P9IvCPDXUtJexjwg==",
      "requires": {
        "bignumber.js": "^8.1.1"
      }
    }
  }
}
